PODS:
  - Masonry (1.1.0)
  - Nimble (8.0.2)
  - NSFKitObjC (1.0.0):
    - ReactiveObjC
  - Quick (2.1.0)
  - ReactiveObjC (3.1.1)
  - "UITableView+FDTemplateLayoutCell (1.6)"

DEPENDENCIES:
  - Masonry
  - Nimble
  - NSFKitObjC (from `../`)
  - Quick
  - "UITableView+FDTemplateLayoutCell"

SPEC REPOS:
  https://github.com/CocoaPods/Specs.git:
    - Masonry
    - Nimble
    - Quick
    - ReactiveObjC
    - "UITableView+FDTemplateLayoutCell"

EXTERNAL SOURCES:
  NSFKitObjC:
    :path: "../"

SPEC CHECKSUMS:
  Masonry: 678fab65091a9290e40e2832a55e7ab731aad201
  Nimble: 622629381bda1dd5678162f21f1368cec7cbba60
  NSFKitObjC: 3463de5df0641d60378f54c2987d91f9d5ca969b
  Quick: 4be43f6634acfa727dd106bdf3929ce125ffa79d
  ReactiveObjC: 011caa393aa0383245f2dcf9bf02e86b80b36040
  "UITableView+FDTemplateLayoutCell": 5c949b4a5059c404b442926c0e80f81d10a2d66f

PODFILE CHECKSUM: 7b2c05adc88eb4562173e167c81cd457431edca7

COCOAPODS: 1.8.3
